
Microsoft Visual Studio Solution File, Format Version 12.00
# Visual Studio Version 16
VisualStudioVersion = 16.0.31624.102
MinimumVisualStudioVersion = 10.0.40219.1
Project("{8BC9CEB8-8B4A-11D0-8D11-00A0C91BC942}") = "Q112_PathSum", "Q112_PathSum\Q112_PathSum.vcxproj", "{B1BBC19D-7CA0-47D7-87A7-6FC6DB37BBF2}"
EndProject
Global
	GlobalSection(SolutionConfigurationPlatforms) = preSolution
		Debug|x64 = Debug|x64
		Debug|x86 = Debug|x86
		Release|x64 = Release|x64
		Release|x86 = Release|x86
	EndGlobalSection
	GlobalSection(ProjectConfigurationPlatforms) = postSolution
		{B1BBC19D-7CA0-47D7-87A7-6FC6DB37BBF2}.Debug|x64.ActiveCfg = Debug|x64
		{B1BBC19D-7CA0-47D7-87A7-6FC6DB37BBF2}.Debug|x64.Build.0 = Debug|x64
		{B1BBC19D-7CA0-47D7-87A7-6FC6DB37BBF2}.Debug|x86.ActiveCfg = Debug|Win32
		{B1BBC19D-7CA0-47D7-87A7-6FC6DB37BBF2}.Debug|x86.Build.0 = Debug|Win32
		{B1BBC19D-7CA0-47D7-87A7-6FC6DB37BBF2}.Release|x64.ActiveCfg = Release|x64
		{B1BBC19D-7CA0-47D7-87A7-6FC6DB37BBF2}.Release|x64.Build.0 = Release|x64
		{B1BBC19D-7CA0-47D7-87A7-6FC6DB37BBF2}.Release|x86.ActiveCfg = Release|Win32
		{B1BBC19D-7CA0-47D7-87A7-6FC6DB37BBF2}.Release|x86.Build.0 = Release|Win32
	EndGlobalSection
	GlobalSection(SolutionProperties) = preSolution
		HideSolutionNode = FALSE
	EndGlobalSection
	GlobalSection(ExtensibilityGlobals) = postSolution
		SolutionGuid = {37154D1F-E369-4C30-B515-4A739641E433}
	EndGlobalSection
EndGlobal
